
Microsoft Visual Studio Solution File, Format Version 12.00
# Visual Studio Version 16
VisualStudioVersion = 16.0.31624.102
MinimumVisualStudioVersion = 10.0.40219.1
Project("{FAE04EC0-301F-11D3-BF4B-00C04F79EFBC}") = "Shkorpilovtsi", "Shkorpilovtsi\Shkorpilovtsi.csproj", "{6AAEE339-CF26-469D-837D-ACBE67CEB573}"
EndProject
Global
	GlobalSection(SolutionConfigurationPlatforms) = preSolution
		Debug|Any CPU = Debug|Any CPU
		Release|Any CPU = Release|Any CPU
	EndGlobalSection
	GlobalSection(ProjectConfigurationPlatforms) = postSolution
		{6AAEE339-CF26-469D-837D-ACBE67CEB573}.Debug|Any CPU.ActiveCfg = Debug|Any CPU
		{6AAEE339-CF26-469D-837D-ACBE67CEB573}.Debug|Any CPU.Build.0 = Debug|Any CPU
		{6AAEE339-CF26-469D-837D-ACBE67CEB573}.Release|Any CPU.ActiveCfg = Release|Any CPU
		{6AAEE339-CF26-469D-837D-ACBE67CEB573}.Release|Any CPU.Build.0 = Release|Any CPU
	EndGlobalSection
	GlobalSection(SolutionProperties) = preSolution
		HideSolutionNode = FALSE
	EndGlobalSection
	GlobalSection(ExtensibilityGlobals) = postSolution
		SolutionGuid = {B5AD2914-C4EB-4DEF-9086-4E7610FF1655}
	EndGlobalSection
EndGlobal
